{
  "name": "pocket-tab",
  "version": "1.0.0",
  "lockfileVersion": 1,
  "requires": true,
  "dependencies": {
    "alpinejs": {
      "version": "2.4.1",
      "resolved": "https://registry.npmjs.org/alpinejs/-/alpinejs-2.4.1.tgz",
      "integrity": "sha512-uaZCQ7I729Qf44eDKLXpzI3wiI16Nz6XU4cVnZER9+LBeZ/32laNJbjIxxx1etmRxamS+dbxvd/14BptrsaKYQ=="
    }
  }
}
